
Microsoft Visual Studio Solution File, Format Version 12.00
# Visual Studio 14
VisualStudioVersion = 14.0.25420.1
MinimumVisualStudioVersion = 10.0.40219.1
Project("{FAE04EC0-301F-11D3-BF4B-00C04F79EFBC}") = "Basic9_stringContain", "Basic9_stringContain\Basic9_stringContain.csproj", "{FF0558C3-A595-45F4-9B0B-6FDEDE79F552}"
EndProject
Global
	GlobalSection(SolutionConfigurationPlatforms) = preSolution
		Debug|Any CPU = Debug|Any CPU
		Release|Any CPU = Release|Any CPU
	EndGlobalSection
	GlobalSection(ProjectConfigurationPlatforms) = postSolution
		{FF0558C3-A595-45F4-9B0B-6FDEDE79F552}.Debug|Any CPU.ActiveCfg = Debug|Any CPU
		{FF0558C3-A595-45F4-9B0B-6FDEDE79F552}.Debug|Any CPU.Build.0 = Debug|Any CPU
		{FF0558C3-A595-45F4-9B0B-6FDEDE79F552}.Release|Any CPU.ActiveCfg = Release|Any CPU
		{FF0558C3-A595-45F4-9B0B-6FDEDE79F552}.Release|Any CPU.Build.0 = Release|Any CPU
	EndGlobalSection
	GlobalSection(SolutionProperties) = preSolution
		HideSolutionNode = FALSE
	EndGlobalSection
EndGlobal
