
Microsoft Visual Studio Solution File, Format Version 12.00
# Visual Studio 14
VisualStudioVersion = 14.0.25420.1
MinimumVisualStudioVersion = 10.0.40219.1
Project("{FAE04EC0-301F-11D3-BF4B-00C04F79EFBC}") = "Basic2_mulTable", "Basic2_mulTable\Basic2_mulTable.csproj", "{C13374C1-4114-4F7C-A7C4-9FF34070E659}"
EndProject
Global
	GlobalSection(SolutionConfigurationPlatforms) = preSolution
		Debug|Any CPU = Debug|Any CPU
		Release|Any CPU = Release|Any CPU
	EndGlobalSection
	GlobalSection(ProjectConfigurationPlatforms) = postSolution
		{C13374C1-4114-4F7C-A7C4-9FF34070E659}.Debug|Any CPU.ActiveCfg = Debug|Any CPU
		{C13374C1-4114-4F7C-A7C4-9FF34070E659}.Debug|Any CPU.Build.0 = Debug|Any CPU
		{C13374C1-4114-4F7C-A7C4-9FF34070E659}.Release|Any CPU.ActiveCfg = Release|Any CPU
		{C13374C1-4114-4F7C-A7C4-9FF34070E659}.Release|Any CPU.Build.0 = Release|Any CPU
	EndGlobalSection
	GlobalSection(SolutionProperties) = preSolution
		HideSolutionNode = FALSE
	EndGlobalSection
EndGlobal
